
Microsoft Visual Studio Solution File, Format Version 12.00
# Visual Studio Version 17
VisualStudioVersion = 17.8.34525.116
MinimumVisualStudioVersion = 10.0.40219.1
Project("{FAE04EC0-301F-11D3-BF4B-00C04F79EFBC}") = "LogicTask", "LogicTask.csproj", "{7A94FCF9-CC92-4C30-A1AA-3D3823929BC0}"
EndProject
Global
	GlobalSection(SolutionConfigurationPlatforms) = preSolution
		Debug|Any CPU = Debug|Any CPU
		Release|Any CPU = Release|Any CPU
	EndGlobalSection
	GlobalSection(ProjectConfigurationPlatforms) = postSolution
		{7A94FCF9-CC92-4C30-A1AA-3D3823929BC0}.Debug|Any CPU.ActiveCfg = Debug|Any CPU
		{7A94FCF9-CC92-4C30-A1AA-3D3823929BC0}.Debug|Any CPU.Build.0 = Debug|Any CPU
		{7A94FCF9-CC92-4C30-A1AA-3D3823929BC0}.Release|Any CPU.ActiveCfg = Release|Any CPU
		{7A94FCF9-CC92-4C30-A1AA-3D3823929BC0}.Release|Any CPU.Build.0 = Release|Any CPU
	EndGlobalSection
	GlobalSection(SolutionProperties) = preSolution
		HideSolutionNode = FALSE
	EndGlobalSection
	GlobalSection(ExtensibilityGlobals) = postSolution
		SolutionGuid = {9FEEDC5F-ACE1-45FA-AC9B-737954C9FB46}
	EndGlobalSection
EndGlobal
